
Microsoft Visual Studio Solution File, Format Version 12.00
# Visual Studio Version 16
VisualStudioVersion = 16.0.29009.5
MinimumVisualStudioVersion = 10.0.40219.1
Project("{FAE04EC0-301F-11D3-BF4B-00C04F79EFBC}") = "Tetris", "Tetris\Tetris.csproj", "{6BD8AAF4-8E49-4288-A904-E22133B8CCDF}"
EndProject
Global
	GlobalSection(SolutionConfigurationPlatforms) = preSolution
		Debug|Any CPU = Debug|Any CPU
		Release|Any CPU = Release|Any CPU
	EndGlobalSection
	GlobalSection(ProjectConfigurationPlatforms) = postSolution
		{6BD8AAF4-8E49-4288-A904-E22133B8CCDF}.Debug|Any CPU.ActiveCfg = Debug|Any CPU
		{6BD8AAF4-8E49-4288-A904-E22133B8CCDF}.Debug|Any CPU.Build.0 = Debug|Any CPU
		{6BD8AAF4-8E49-4288-A904-E22133B8CCDF}.Release|Any CPU.ActiveCfg = Release|Any CPU
		{6BD8AAF4-8E49-4288-A904-E22133B8CCDF}.Release|Any CPU.Build.0 = Release|Any CPU
	EndGlobalSection
	GlobalSection(SolutionProperties) = preSolution
		HideSolutionNode = FALSE
	EndGlobalSection
	GlobalSection(ExtensibilityGlobals) = postSolution
		SolutionGuid = {C0983AF0-87E2-47CC-8F43-74FBAD9C426C}
	EndGlobalSection
EndGlobal
